
Microsoft Visual Studio Solution File, Format Version 12.00
# Visual Studio Version 17
VisualStudioVersion = 17.5.002.0
MinimumVisualStudioVersion = 10.0.40219.1
Project("{9A19103F-16F7-4668-BE54-9A1E7A4F7556}") = "ApiGateway", "ApiGateway\ApiGateway.csproj", "{1071D398-B0D1-4C77-AC18-E8E2792A7B38}"
EndProject
Project("{2150E333-8FDC-42A3-9474-1A3956D46DE8}") = "MerchantCommon", "MerchantCommon", "{8D623CEF-6CAA-4220-A85D-C1768B1602B4}"
EndProject
Project("{9A19103F-16F7-4668-BE54-9A1E7A4F7556}") = "RabbitMqMessaging", "MerchantCommon\RabbitMqMessaging\RabbitMqMessaging.csproj", "{2E740634-8267-4EA5-9C18-9C89487E7A0F}"
EndProject
Project("{9A19103F-16F7-4668-BE54-9A1E7A4F7556}") = "Commons", "MerchantCommon\Commons\Commons.csproj", "{86D9DEF0-38DC-4559-8E1F-93687B4B9291}"
EndProject
Project("{2150E333-8FDC-42A3-9474-1A3956D46DE8}") = "PaymentService", "PaymentService", "{A91C63E4-FAE1-4D99-9BD0-880A5202BAD3}"
EndProject
Project("{2150E333-8FDC-42A3-9474-1A3956D46DE8}") = "src", "src", "{D8A3298A-2E52-4DE1-84B2-97D2ED1A3680}"
EndProject
Project("{9A19103F-16F7-4668-BE54-9A1E7A4F7556}") = "PaymentService.Domain", "PaymentService\src\PaymentService.Domain\PaymentService.Domain.csproj", "{9A6CD5DF-72C7-4997-894A-EE2294EE1917}"
EndProject
Project("{9A19103F-16F7-4668-BE54-9A1E7A4F7556}") = "PaymentService.Application", "PaymentService\src\PaymentService.Application\PaymentService.Application.csproj", "{DF0F7F3F-08A8-4393-8846-900BC1D518B0}"
EndProject
Project("{9A19103F-16F7-4668-BE54-9A1E7A4F7556}") = "PaymentService.Infrastructure", "PaymentService\src\PaymentService.Infrastructure\PaymentService.Infrastructure.csproj", "{3F75D64C-9B03-4FC1-A46E-11F6A5881EE7}"
EndProject
Project("{9A19103F-16F7-4668-BE54-9A1E7A4F7556}") = "PaymentService.Api", "PaymentService\src\PaymentService.Api\PaymentService.Api.csproj", "{F8A61614-D1C9-4EB2-979B-A9AABDBBCD58}"
EndProject
Project("{2150E333-8FDC-42A3-9474-1A3956D46DE8}") = "InventoryService", "InventoryService", "{50C4F989-1DC5-4085-B0DA-6ABE54D57CE3}"
EndProject
Project("{2150E333-8FDC-42A3-9474-1A3956D46DE8}") = "test", "test", "{4B66FB5F-B6AC-4097-BFFA-C613967F34EC}"
EndProject
Project("{9A19103F-16F7-4668-BE54-9A1E7A4F7556}") = "InventoryServiceTests", "InventoryService\test\InventoryServiceTests\InventoryServiceTests.csproj", "{35374A82-8786-4817-A4F1-1CF317C16597}"
EndProject
Project("{2150E333-8FDC-42A3-9474-1A3956D46DE8}") = "src", "src", "{613127B5-4792-4540-A58F-A415ED4A4BC9}"
EndProject
Project("{9A19103F-16F7-4668-BE54-9A1E7A4F7556}") = "InventoryService.Intraestructure", "InventoryService\src\InventoryService.Intraestructure\InventoryService.Intraestructure.csproj", "{8B9A75A4-1A4D-43F4-9EBB-A8A5937452B4}"
EndProject
Project("{9A19103F-16F7-4668-BE54-9A1E7A4F7556}") = "InventoryService.Api", "InventoryService\src\InventoryService.Api\InventoryService.Api.csproj", "{E91C4C31-2C6C-4100-9388-B35857919DF6}"
EndProject
Project("{9A19103F-16F7-4668-BE54-9A1E7A4F7556}") = "InventoryService.Commons", "InventoryService\src\InventoryService.Commons\InventoryService.Commons.csproj", "{F40D7457-0273-4B86-AA99-C313BFB6F6E7}"
EndProject
Project("{9A19103F-16F7-4668-BE54-9A1E7A4F7556}") = "InventoryService.Domain", "InventoryService\src\InventoryService.Domain\InventoryService.Domain.csproj", "{0A9442B1-53A1-4B26-B033-A893ADF6BCEE}"
EndProject
Project("{9A19103F-16F7-4668-BE54-9A1E7A4F7556}") = "InventoryService.Application", "InventoryService\src\InventoryService.Application\InventoryService.Application.csproj", "{8C094A65-8558-4A18-8BBC-DBD1DD35A686}"
EndProject
Project("{2150E333-8FDC-42A3-9474-1A3956D46DE8}") = "NotificationService", "NotificationService", "{A4C9FED3-73F2-4A05-91BC-142B785F3950}"
EndProject
Project("{2150E333-8FDC-42A3-9474-1A3956D46DE8}") = "test", "test", "{3117A4F1-7B05-45FC-A0E1-11230D16C81E}"
EndProject
Project("{9A19103F-16F7-4668-BE54-9A1E7A4F7556}") = "NotificationServiceTests", "NotificationService\test\NotificationServiceTests\NotificationServiceTests.csproj", "{02157519-DF43-4CF7-BE6B-ED2B4FF80AE4}"
EndProject
Project("{2150E333-8FDC-42A3-9474-1A3956D46DE8}") = "src", "src", "{0400C5C6-540C-4605-B88F-31F33B7FFB86}"
EndProject
Project("{9A19103F-16F7-4668-BE54-9A1E7A4F7556}") = "NotificationService.Domain", "NotificationService\src\NotificationService.Domain\NotificationService.Domain.csproj", "{B179A8B9-504C-477D-90FA-ACFF227324CE}"
EndProject
Project("{9A19103F-16F7-4668-BE54-9A1E7A4F7556}") = "NotificationService.Api", "NotificationService\src\NotificationService.Api\NotificationService.Api.csproj", "{4F58EDA0-3365-4FF6-9BE3-6C9F08557899}"
EndProject
Project("{9A19103F-16F7-4668-BE54-9A1E7A4F7556}") = "NotificationService.Application", "NotificationService\src\NotificationService.Application\NotificationService.Application.csproj", "{4A754162-490A-4F15-8F0B-899825BF81E9}"
EndProject
Project("{9A19103F-16F7-4668-BE54-9A1E7A4F7556}") = "NotificationService.Infraestructure", "NotificationService\src\NotificationService.Infraestructure\NotificationService.Infraestructure.csproj", "{5C3CD3EA-1A14-4858-AC9D-A9FBF9AB37FA}"
EndProject
Project("{2150E333-8FDC-42A3-9474-1A3956D46DE8}") = "UserService", "UserService", "{0203A6FF-E1E7-4E8A-BB56-6378848CFA4B}"
EndProject
Project("{2150E333-8FDC-42A3-9474-1A3956D46DE8}") = "test", "test", "{33B15287-39C5-4A0B-A7C5-B27CD258DE2A}"
EndProject
Project("{9A19103F-16F7-4668-BE54-9A1E7A4F7556}") = "UserServiceTests", "UserService\test\UserServiceTests\UserServiceTests.csproj", "{EEF9B93B-ABB4-41EE-BF16-08F472813D92}"
EndProject
Project("{2150E333-8FDC-42A3-9474-1A3956D46DE8}") = "src", "src", "{91E2E3B6-E17D-4F53-9424-0D7AD55C49D3}"
EndProject
Project("{9A19103F-16F7-4668-BE54-9A1E7A4F7556}") = "UserService.Infrastructure", "UserService\src\UserService.Infrastructure\UserService.Infrastructure.csproj", "{382E5761-DBC8-4729-ABC1-358FF4DE1731}"
EndProject
Project("{9A19103F-16F7-4668-BE54-9A1E7A4F7556}") = "UserService.Domain", "UserService\src\UserService.Domain\UserService.Domain.csproj", "{439B1504-61A7-497B-9145-BAE6FA303100}"
EndProject
Project("{9A19103F-16F7-4668-BE54-9A1E7A4F7556}") = "UserService.Application", "UserService\src\UserService.Application\UserService.Application.csproj", "{001F148D-8AC4-4294-B45D-8480C111FA75}"
EndProject
Project("{9A19103F-16F7-4668-BE54-9A1E7A4F7556}") = "UserService.Api", "UserService\src\UserService.Api\UserService.Api.csproj", "{47E5DFF9-CC6D-41CC-9953-5EA6A03E7E2E}"
EndProject
Global
	GlobalSection(SolutionConfigurationPlatforms) = preSolution
		Debug|Any CPU = Debug|Any CPU
		Release|Any CPU = Release|Any CPU
	EndGlobalSection
	GlobalSection(ProjectConfigurationPlatforms) = postSolution
		{1071D398-B0D1-4C77-AC18-E8E2792A7B38}.Debug|Any CPU.ActiveCfg = Debug|Any CPU
		{1071D398-B0D1-4C77-AC18-E8E2792A7B38}.Debug|Any CPU.Build.0 = Debug|Any CPU
		{1071D398-B0D1-4C77-AC18-E8E2792A7B38}.Release|Any CPU.ActiveCfg = Release|Any CPU
		{1071D398-B0D1-4C77-AC18-E8E2792A7B38}.Release|Any CPU.Build.0 = Release|Any CPU
		{2E740634-8267-4EA5-9C18-9C89487E7A0F}.Debug|Any CPU.ActiveCfg = Debug|Any CPU
		{2E740634-8267-4EA5-9C18-9C89487E7A0F}.Debug|Any CPU.Build.0 = Debug|Any CPU
		{2E740634-8267-4EA5-9C18-9C89487E7A0F}.Release|Any CPU.ActiveCfg = Release|Any CPU
		{2E740634-8267-4EA5-9C18-9C89487E7A0F}.Release|Any CPU.Build.0 = Release|Any CPU
		{86D9DEF0-38DC-4559-8E1F-93687B4B9291}.Debug|Any CPU.ActiveCfg = Debug|Any CPU
		{86D9DEF0-38DC-4559-8E1F-93687B4B9291}.Debug|Any CPU.Build.0 = Debug|Any CPU
		{86D9DEF0-38DC-4559-8E1F-93687B4B9291}.Release|Any CPU.ActiveCfg = Release|Any CPU
		{86D9DEF0-38DC-4559-8E1F-93687B4B9291}.Release|Any CPU.Build.0 = Release|Any CPU
		{9A6CD5DF-72C7-4997-894A-EE2294EE1917}.Debug|Any CPU.ActiveCfg = Debug|Any CPU
		{9A6CD5DF-72C7-4997-894A-EE2294EE1917}.Debug|Any CPU.Build.0 = Debug|Any CPU
		{9A6CD5DF-72C7-4997-894A-EE2294EE1917}.Release|Any CPU.ActiveCfg = Release|Any CPU
		{9A6CD5DF-72C7-4997-894A-EE2294EE1917}.Release|Any CPU.Build.0 = Release|Any CPU
		{DF0F7F3F-08A8-4393-8846-900BC1D518B0}.Debug|Any CPU.ActiveCfg = Debug|Any CPU
		{DF0F7F3F-08A8-4393-8846-900BC1D518B0}.Debug|Any CPU.Build.0 = Debug|Any CPU
		{DF0F7F3F-08A8-4393-8846-900BC1D518B0}.Release|Any CPU.ActiveCfg = Release|Any CPU
		{DF0F7F3F-08A8-4393-8846-900BC1D518B0}.Release|Any CPU.Build.0 = Release|Any CPU
		{3F75D64C-9B03-4FC1-A46E-11F6A5881EE7}.Debug|Any CPU.ActiveCfg = Debug|Any CPU
		{3F75D64C-9B03-4FC1-A46E-11F6A5881EE7}.Debug|Any CPU.Build.0 = Debug|Any CPU
		{3F75D64C-9B03-4FC1-A46E-11F6A5881EE7}.Release|Any CPU.ActiveCfg = Release|Any CPU
		{3F75D64C-9B03-4FC1-A46E-11F6A5881EE7}.Release|Any CPU.Build.0 = Release|Any CPU
		{F8A61614-D1C9-4EB2-979B-A9AABDBBCD58}.Debug|Any CPU.ActiveCfg = Debug|Any CPU
		{F8A61614-D1C9-4EB2-979B-A9AABDBBCD58}.Debug|Any CPU.Build.0 = Debug|Any CPU
		{F8A61614-D1C9-4EB2-979B-A9AABDBBCD58}.Release|Any CPU.ActiveCfg = Release|Any CPU
		{F8A61614-D1C9-4EB2-979B-A9AABDBBCD58}.Release|Any CPU.Build.0 = Release|Any CPU
		{35374A82-8786-4817-A4F1-1CF317C16597}.Debug|Any CPU.ActiveCfg = Debug|Any CPU
		{35374A82-8786-4817-A4F1-1CF317C16597}.Debug|Any CPU.Build.0 = Debug|Any CPU
		{35374A82-8786-4817-A4F1-1CF317C16597}.Release|Any CPU.ActiveCfg = Release|Any CPU
		{35374A82-8786-4817-A4F1-1CF317C16597}.Release|Any CPU.Build.0 = Release|Any CPU
		{8B9A75A4-1A4D-43F4-9EBB-A8A5937452B4}.Debug|Any CPU.ActiveCfg = Debug|Any CPU
		{8B9A75A4-1A4D-43F4-9EBB-A8A5937452B4}.Debug|Any CPU.Build.0 = Debug|Any CPU
		{8B9A75A4-1A4D-43F4-9EBB-A8A5937452B4}.Release|Any CPU.ActiveCfg = Release|Any CPU
		{8B9A75A4-1A4D-43F4-9EBB-A8A5937452B4}.Release|Any CPU.Build.0 = Release|Any CPU
		{E91C4C31-2C6C-4100-9388-B35857919DF6}.Debug|Any CPU.ActiveCfg = Debug|Any CPU
		{E91C4C31-2C6C-4100-9388-B35857919DF6}.Debug|Any CPU.Build.0 = Debug|Any CPU
		{E91C4C31-2C6C-4100-9388-B35857919DF6}.Release|Any CPU.ActiveCfg = Release|Any CPU
		{E91C4C31-2C6C-4100-9388-B35857919DF6}.Release|Any CPU.Build.0 = Release|Any CPU
		{F40D7457-0273-4B86-AA99-C313BFB6F6E7}.Debug|Any CPU.ActiveCfg = Debug|Any CPU
		{F40D7457-0273-4B86-AA99-C313BFB6F6E7}.Debug|Any CPU.Build.0 = Debug|Any CPU
		{F40D7457-0273-4B86-AA99-C313BFB6F6E7}.Release|Any CPU.ActiveCfg = Release|Any CPU
		{F40D7457-0273-4B86-AA99-C313BFB6F6E7}.Release|Any CPU.Build.0 = Release|Any CPU
		{0A9442B1-53A1-4B26-B033-A893ADF6BCEE}.Debug|Any CPU.ActiveCfg = Debug|Any CPU
		{0A9442B1-53A1-4B26-B033-A893ADF6BCEE}.Debug|Any CPU.Build.0 = Debug|Any CPU
		{0A9442B1-53A1-4B26-B033-A893ADF6BCEE}.Release|Any CPU.ActiveCfg = Release|Any CPU
		{0A9442B1-53A1-4B26-B033-A893ADF6BCEE}.Release|Any CPU.Build.0 = Release|Any CPU
		{8C094A65-8558-4A18-8BBC-DBD1DD35A686}.Debug|Any CPU.ActiveCfg = Debug|Any CPU
		{8C094A65-8558-4A18-8BBC-DBD1DD35A686}.Debug|Any CPU.Build.0 = Debug|Any CPU
		{8C094A65-8558-4A18-8BBC-DBD1DD35A686}.Release|Any CPU.ActiveCfg = Release|Any CPU
		{8C094A65-8558-4A18-8BBC-DBD1DD35A686}.Release|Any CPU.Build.0 = Release|Any CPU
		{02157519-DF43-4CF7-BE6B-ED2B4FF80AE4}.Debug|Any CPU.ActiveCfg = Debug|Any CPU
		{02157519-DF43-4CF7-BE6B-ED2B4FF80AE4}.Debug|Any CPU.Build.0 = Debug|Any CPU
		{02157519-DF43-4CF7-BE6B-ED2B4FF80AE4}.Release|Any CPU.ActiveCfg = Release|Any CPU
		{02157519-DF43-4CF7-BE6B-ED2B4FF80AE4}.Release|Any CPU.Build.0 = Release|Any CPU
		{B179A8B9-504C-477D-90FA-ACFF227324CE}.Debug|Any CPU.ActiveCfg = Debug|Any CPU
		{B179A8B9-504C-477D-90FA-ACFF227324CE}.Debug|Any CPU.Build.0 = Debug|Any CPU
		{B179A8B9-504C-477D-90FA-ACFF227324CE}.Release|Any CPU.ActiveCfg = Release|Any CPU
		{B179A8B9-504C-477D-90FA-ACFF227324CE}.Release|Any CPU.Build.0 = Release|Any CPU
		{4F58EDA0-3365-4FF6-9BE3-6C9F08557899}.Debug|Any CPU.ActiveCfg = Debug|Any CPU
		{4F58EDA0-3365-4FF6-9BE3-6C9F08557899}.Debug|Any CPU.Build.0 = Debug|Any CPU
		{4F58EDA0-3365-4FF6-9BE3-6C9F08557899}.Release|Any CPU.ActiveCfg = Release|Any CPU
		{4F58EDA0-3365-4FF6-9BE3-6C9F08557899}.Release|Any CPU.Build.0 = Release|Any CPU
		{4A754162-490A-4F15-8F0B-899825BF81E9}.Debug|Any CPU.ActiveCfg = Debug|Any CPU
		{4A754162-490A-4F15-8F0B-899825BF81E9}.Debug|Any CPU.Build.0 = Debug|Any CPU
		{4A754162-490A-4F15-8F0B-899825BF81E9}.Release|Any CPU.ActiveCfg = Release|Any CPU
		{4A754162-490A-4F15-8F0B-899825BF81E9}.Release|Any CPU.Build.0 = Release|Any CPU
		{5C3CD3EA-1A14-4858-AC9D-A9FBF9AB37FA}.Debug|Any CPU.ActiveCfg = Debug|Any CPU
		{5C3CD3EA-1A14-4858-AC9D-A9FBF9AB37FA}.Debug|Any CPU.Build.0 = Debug|Any CPU
		{5C3CD3EA-1A14-4858-AC9D-A9FBF9AB37FA}.Release|Any CPU.ActiveCfg = Release|Any CPU
		{5C3CD3EA-1A14-4858-AC9D-A9FBF9AB37FA}.Release|Any CPU.Build.0 = Release|Any CPU
		{EEF9B93B-ABB4-41EE-BF16-08F472813D92}.Debug|Any CPU.ActiveCfg = Debug|Any CPU
		{EEF9B93B-ABB4-41EE-BF16-08F472813D92}.Debug|Any CPU.Build.0 = Debug|Any CPU
		{EEF9B93B-ABB4-41EE-BF16-08F472813D92}.Release|Any CPU.ActiveCfg = Release|Any CPU
		{EEF9B93B-ABB4-41EE-BF16-08F472813D92}.Release|Any CPU.Build.0 = Release|Any CPU
		{382E5761-DBC8-4729-ABC1-358FF4DE1731}.Debug|Any CPU.ActiveCfg = Debug|Any CPU
		{382E5761-DBC8-4729-ABC1-358FF4DE1731}.Debug|Any CPU.Build.0 = Debug|Any CPU
		{382E5761-DBC8-4729-ABC1-358FF4DE1731}.Release|Any CPU.ActiveCfg = Release|Any CPU
		{382E5761-DBC8-4729-ABC1-358FF4DE1731}.Release|Any CPU.Build.0 = Release|Any CPU
		{439B1504-61A7-497B-9145-BAE6FA303100}.Debug|Any CPU.ActiveCfg = Debug|Any CPU
		{439B1504-61A7-497B-9145-BAE6FA303100}.Debug|Any CPU.Build.0 = Debug|Any CPU
		{439B1504-61A7-497B-9145-BAE6FA303100}.Release|Any CPU.ActiveCfg = Release|Any CPU
		{439B1504-61A7-497B-9145-BAE6FA303100}.Release|Any CPU.Build.0 = Release|Any CPU
		{001F148D-8AC4-4294-B45D-8480C111FA75}.Debug|Any CPU.ActiveCfg = Debug|Any CPU
		{001F148D-8AC4-4294-B45D-8480C111FA75}.Debug|Any CPU.Build.0 = Debug|Any CPU
		{001F148D-8AC4-4294-B45D-8480C111FA75}.Release|Any CPU.ActiveCfg = Release|Any CPU
		{001F148D-8AC4-4294-B45D-8480C111FA75}.Release|Any CPU.Build.0 = Release|Any CPU
		{47E5DFF9-CC6D-41CC-9953-5EA6A03E7E2E}.Debug|Any CPU.ActiveCfg = Debug|Any CPU
		{47E5DFF9-CC6D-41CC-9953-5EA6A03E7E2E}.Debug|Any CPU.Build.0 = Debug|Any CPU
		{47E5DFF9-CC6D-41CC-9953-5EA6A03E7E2E}.Release|Any CPU.ActiveCfg = Release|Any CPU
		{47E5DFF9-CC6D-41CC-9953-5EA6A03E7E2E}.Release|Any CPU.Build.0 = Release|Any CPU
	EndGlobalSection
	GlobalSection(SolutionProperties) = preSolution
		HideSolutionNode = FALSE
	EndGlobalSection
	GlobalSection(NestedProjects) = preSolution
		{2E740634-8267-4EA5-9C18-9C89487E7A0F} = {8D623CEF-6CAA-4220-A85D-C1768B1602B4}
		{86D9DEF0-38DC-4559-8E1F-93687B4B9291} = {8D623CEF-6CAA-4220-A85D-C1768B1602B4}
		{D8A3298A-2E52-4DE1-84B2-97D2ED1A3680} = {A91C63E4-FAE1-4D99-9BD0-880A5202BAD3}
		{9A6CD5DF-72C7-4997-894A-EE2294EE1917} = {D8A3298A-2E52-4DE1-84B2-97D2ED1A3680}
		{DF0F7F3F-08A8-4393-8846-900BC1D518B0} = {D8A3298A-2E52-4DE1-84B2-97D2ED1A3680}
		{3F75D64C-9B03-4FC1-A46E-11F6A5881EE7} = {D8A3298A-2E52-4DE1-84B2-97D2ED1A3680}
		{F8A61614-D1C9-4EB2-979B-A9AABDBBCD58} = {D8A3298A-2E52-4DE1-84B2-97D2ED1A3680}
		{4B66FB5F-B6AC-4097-BFFA-C613967F34EC} = {50C4F989-1DC5-4085-B0DA-6ABE54D57CE3}
		{35374A82-8786-4817-A4F1-1CF317C16597} = {4B66FB5F-B6AC-4097-BFFA-C613967F34EC}
		{613127B5-4792-4540-A58F-A415ED4A4BC9} = {50C4F989-1DC5-4085-B0DA-6ABE54D57CE3}
		{8B9A75A4-1A4D-43F4-9EBB-A8A5937452B4} = {613127B5-4792-4540-A58F-A415ED4A4BC9}
		{E91C4C31-2C6C-4100-9388-B35857919DF6} = {613127B5-4792-4540-A58F-A415ED4A4BC9}
		{F40D7457-0273-4B86-AA99-C313BFB6F6E7} = {613127B5-4792-4540-A58F-A415ED4A4BC9}
		{0A9442B1-53A1-4B26-B033-A893ADF6BCEE} = {613127B5-4792-4540-A58F-A415ED4A4BC9}
		{8C094A65-8558-4A18-8BBC-DBD1DD35A686} = {613127B5-4792-4540-A58F-A415ED4A4BC9}
		{3117A4F1-7B05-45FC-A0E1-11230D16C81E} = {A4C9FED3-73F2-4A05-91BC-142B785F3950}
		{02157519-DF43-4CF7-BE6B-ED2B4FF80AE4} = {3117A4F1-7B05-45FC-A0E1-11230D16C81E}
		{0400C5C6-540C-4605-B88F-31F33B7FFB86} = {A4C9FED3-73F2-4A05-91BC-142B785F3950}
		{B179A8B9-504C-477D-90FA-ACFF227324CE} = {0400C5C6-540C-4605-B88F-31F33B7FFB86}
		{4F58EDA0-3365-4FF6-9BE3-6C9F08557899} = {0400C5C6-540C-4605-B88F-31F33B7FFB86}
		{4A754162-490A-4F15-8F0B-899825BF81E9} = {0400C5C6-540C-4605-B88F-31F33B7FFB86}
		{5C3CD3EA-1A14-4858-AC9D-A9FBF9AB37FA} = {0400C5C6-540C-4605-B88F-31F33B7FFB86}
		{33B15287-39C5-4A0B-A7C5-B27CD258DE2A} = {0203A6FF-E1E7-4E8A-BB56-6378848CFA4B}
		{EEF9B93B-ABB4-41EE-BF16-08F472813D92} = {33B15287-39C5-4A0B-A7C5-B27CD258DE2A}
		{91E2E3B6-E17D-4F53-9424-0D7AD55C49D3} = {0203A6FF-E1E7-4E8A-BB56-6378848CFA4B}
		{382E5761-DBC8-4729-ABC1-358FF4DE1731} = {91E2E3B6-E17D-4F53-9424-0D7AD55C49D3}
		{439B1504-61A7-497B-9145-BAE6FA303100} = {91E2E3B6-E17D-4F53-9424-0D7AD55C49D3}
		{001F148D-8AC4-4294-B45D-8480C111FA75} = {91E2E3B6-E17D-4F53-9424-0D7AD55C49D3}
		{47E5DFF9-CC6D-41CC-9953-5EA6A03E7E2E} = {91E2E3B6-E17D-4F53-9424-0D7AD55C49D3}
	EndGlobalSection
	GlobalSection(ExtensibilityGlobals) = postSolution
		SolutionGuid = {E1CFB179-5B18-4F5E-817A-3C705DD3773A}
	EndGlobalSection
EndGlobal
