
Microsoft Visual Studio Solution File, Format Version 12.00
# Visual Studio Version 17
VisualStudioVersion = 17.5.002.0
MinimumVisualStudioVersion = 10.0.40219.1
Project("{9A19103F-16F7-4668-BE54-9A1E7A4F7556}") = "ApiGateway", "ApiGateway\ApiGateway.csproj", "{9EA6802E-C950-4195-9349-24476F18BD11}"
EndProject
Project("{2150E333-8FDC-42A3-9474-1A3956D46DE8}") = "MerchantCommon", "MerchantCommon", "{CA49CB7F-C65B-4CEA-A53B-DD40D60C4C44}"
EndProject
Project("{9A19103F-16F7-4668-BE54-9A1E7A4F7556}") = "RabbitMqMessaging", "MerchantCommon\RabbitMqMessaging\RabbitMqMessaging.csproj", "{0C97CC01-FE85-409F-B4A5-B85304615033}"
EndProject
Project("{9A19103F-16F7-4668-BE54-9A1E7A4F7556}") = "Commons", "MerchantCommon\Commons\Commons.csproj", "{6BA08DF2-143A-4500-8B97-1C2F31411EE7}"
EndProject
Project("{2150E333-8FDC-42A3-9474-1A3956D46DE8}") = "InventoryService", "InventoryService", "{94CD41D6-7BB7-4065-BDB5-EBC78679766D}"
EndProject
Project("{2150E333-8FDC-42A3-9474-1A3956D46DE8}") = "test", "test", "{73CBD48C-9492-4288-81CB-8F1582D8975C}"
EndProject
Project("{9A19103F-16F7-4668-BE54-9A1E7A4F7556}") = "InventoryServiceTests", "InventoryService\test\InventoryServiceTests\InventoryServiceTests.csproj", "{E0EF8BCF-0E54-458E-9C78-4300140D0D5E}"
EndProject
Project("{2150E333-8FDC-42A3-9474-1A3956D46DE8}") = "src", "src", "{4976FFF2-62F7-4F08-A0A5-A91C1D8CFECD}"
EndProject
Project("{9A19103F-16F7-4668-BE54-9A1E7A4F7556}") = "InventoryService.Intraestructure", "InventoryService\src\InventoryService.Intraestructure\InventoryService.Intraestructure.csproj", "{6548FA67-6708-4F05-AE33-290C72EA2B99}"
EndProject
Project("{9A19103F-16F7-4668-BE54-9A1E7A4F7556}") = "InventoryService.Api", "InventoryService\src\InventoryService.Api\InventoryService.Api.csproj", "{D18D2C8E-A3FA-4ED8-9328-A13360C2F842}"
EndProject
Project("{9A19103F-16F7-4668-BE54-9A1E7A4F7556}") = "InventoryService.Domain", "InventoryService\src\InventoryService.Domain\InventoryService.Domain.csproj", "{70EA781B-EC66-48A6-8E3B-36C75CB696B5}"
EndProject
Project("{9A19103F-16F7-4668-BE54-9A1E7A4F7556}") = "InventoryService.Application", "InventoryService\src\InventoryService.Application\InventoryService.Application.csproj", "{C28AD1BC-EBFC-420F-86BB-B31459360584}"
EndProject
Project("{2150E333-8FDC-42A3-9474-1A3956D46DE8}") = "NotificationService", "NotificationService", "{076BFEFC-D677-4CD4-9E40-00DB98DB085F}"
EndProject
Project("{2150E333-8FDC-42A3-9474-1A3956D46DE8}") = "test", "test", "{2F1D7697-3DA5-411F-A06C-2F2AD9AA3A74}"
EndProject
Project("{9A19103F-16F7-4668-BE54-9A1E7A4F7556}") = "NotificationServiceTests", "NotificationService\test\NotificationServiceTests\NotificationServiceTests.csproj", "{F1C041CB-5578-411B-8CB4-40310FC0D277}"
EndProject
Project("{2150E333-8FDC-42A3-9474-1A3956D46DE8}") = "src", "src", "{260930A4-75B8-4FEC-A155-0108C7440022}"
EndProject
Project("{9A19103F-16F7-4668-BE54-9A1E7A4F7556}") = "NotificationService.Domain", "NotificationService\src\NotificationService.Domain\NotificationService.Domain.csproj", "{61E89617-2CF5-4432-B0BB-C6ED35585421}"
EndProject
Project("{9A19103F-16F7-4668-BE54-9A1E7A4F7556}") = "NotificationService.Api", "NotificationService\src\NotificationService.Api\NotificationService.Api.csproj", "{432FAD5C-C27F-4142-994B-2F07EE1E4D02}"
EndProject
Project("{9A19103F-16F7-4668-BE54-9A1E7A4F7556}") = "NotificationService.Application", "NotificationService\src\NotificationService.Application\NotificationService.Application.csproj", "{55FE8E50-03E6-4B65-984B-7CB339C0064F}"
EndProject
Project("{9A19103F-16F7-4668-BE54-9A1E7A4F7556}") = "NotificationService.Infraestructure", "NotificationService\src\NotificationService.Infraestructure\NotificationService.Infraestructure.csproj", "{E528DF1A-9F8D-445C-85D0-1B6426E2E6D3}"
EndProject
Project("{2150E333-8FDC-42A3-9474-1A3956D46DE8}") = "UserService", "UserService", "{63C8C72E-83F6-424C-9894-0B0EDC45CC5F}"
EndProject
Project("{2150E333-8FDC-42A3-9474-1A3956D46DE8}") = "test", "test", "{93ED31D2-92DB-4AFE-B180-F10ED8313062}"
EndProject
Project("{9A19103F-16F7-4668-BE54-9A1E7A4F7556}") = "UserServiceTests", "UserService\test\UserServiceTests\UserServiceTests.csproj", "{A6BE4370-5CFB-460A-B9A7-6AD7429742AA}"
EndProject
Project("{2150E333-8FDC-42A3-9474-1A3956D46DE8}") = "src", "src", "{8C6B22A4-AB26-4314-A082-0099396B282F}"
EndProject
Project("{9A19103F-16F7-4668-BE54-9A1E7A4F7556}") = "UserService.Infrastructure", "UserService\src\UserService.Infrastructure\UserService.Infrastructure.csproj", "{C54FCAF6-74FB-4965-81BF-37D81430B7B9}"
EndProject
Project("{9A19103F-16F7-4668-BE54-9A1E7A4F7556}") = "UserService.Domain", "UserService\src\UserService.Domain\UserService.Domain.csproj", "{138DFE11-2AD0-4F09-B64E-43A395B68FB5}"
EndProject
Project("{9A19103F-16F7-4668-BE54-9A1E7A4F7556}") = "UserService.Application", "UserService\src\UserService.Application\UserService.Application.csproj", "{B5974939-81FA-4CE3-90D2-65FB3A71477F}"
EndProject
Project("{9A19103F-16F7-4668-BE54-9A1E7A4F7556}") = "UserService.Api", "UserService\src\UserService.Api\UserService.Api.csproj", "{35702D5B-C616-4E8D-9B49-380082A555EE}"
EndProject
Global
	GlobalSection(SolutionConfigurationPlatforms) = preSolution
		Debug|Any CPU = Debug|Any CPU
		Release|Any CPU = Release|Any CPU
	EndGlobalSection
	GlobalSection(ProjectConfigurationPlatforms) = postSolution
		{9EA6802E-C950-4195-9349-24476F18BD11}.Debug|Any CPU.ActiveCfg = Debug|Any CPU
		{9EA6802E-C950-4195-9349-24476F18BD11}.Debug|Any CPU.Build.0 = Debug|Any CPU
		{9EA6802E-C950-4195-9349-24476F18BD11}.Release|Any CPU.ActiveCfg = Release|Any CPU
		{9EA6802E-C950-4195-9349-24476F18BD11}.Release|Any CPU.Build.0 = Release|Any CPU
		{0C97CC01-FE85-409F-B4A5-B85304615033}.Debug|Any CPU.ActiveCfg = Debug|Any CPU
		{0C97CC01-FE85-409F-B4A5-B85304615033}.Debug|Any CPU.Build.0 = Debug|Any CPU
		{0C97CC01-FE85-409F-B4A5-B85304615033}.Release|Any CPU.ActiveCfg = Release|Any CPU
		{0C97CC01-FE85-409F-B4A5-B85304615033}.Release|Any CPU.Build.0 = Release|Any CPU
		{6BA08DF2-143A-4500-8B97-1C2F31411EE7}.Debug|Any CPU.ActiveCfg = Debug|Any CPU
		{6BA08DF2-143A-4500-8B97-1C2F31411EE7}.Debug|Any CPU.Build.0 = Debug|Any CPU
		{6BA08DF2-143A-4500-8B97-1C2F31411EE7}.Release|Any CPU.ActiveCfg = Release|Any CPU
		{6BA08DF2-143A-4500-8B97-1C2F31411EE7}.Release|Any CPU.Build.0 = Release|Any CPU
		{E0EF8BCF-0E54-458E-9C78-4300140D0D5E}.Debug|Any CPU.ActiveCfg = Debug|Any CPU
		{E0EF8BCF-0E54-458E-9C78-4300140D0D5E}.Debug|Any CPU.Build.0 = Debug|Any CPU
		{E0EF8BCF-0E54-458E-9C78-4300140D0D5E}.Release|Any CPU.ActiveCfg = Release|Any CPU
		{E0EF8BCF-0E54-458E-9C78-4300140D0D5E}.Release|Any CPU.Build.0 = Release|Any CPU
		{6548FA67-6708-4F05-AE33-290C72EA2B99}.Debug|Any CPU.ActiveCfg = Debug|Any CPU
		{6548FA67-6708-4F05-AE33-290C72EA2B99}.Debug|Any CPU.Build.0 = Debug|Any CPU
		{6548FA67-6708-4F05-AE33-290C72EA2B99}.Release|Any CPU.ActiveCfg = Release|Any CPU
		{6548FA67-6708-4F05-AE33-290C72EA2B99}.Release|Any CPU.Build.0 = Release|Any CPU
		{D18D2C8E-A3FA-4ED8-9328-A13360C2F842}.Debug|Any CPU.ActiveCfg = Debug|Any CPU
		{D18D2C8E-A3FA-4ED8-9328-A13360C2F842}.Debug|Any CPU.Build.0 = Debug|Any CPU
		{D18D2C8E-A3FA-4ED8-9328-A13360C2F842}.Release|Any CPU.ActiveCfg = Release|Any CPU
		{D18D2C8E-A3FA-4ED8-9328-A13360C2F842}.Release|Any CPU.Build.0 = Release|Any CPU
		{70EA781B-EC66-48A6-8E3B-36C75CB696B5}.Debug|Any CPU.ActiveCfg = Debug|Any CPU
		{70EA781B-EC66-48A6-8E3B-36C75CB696B5}.Debug|Any CPU.Build.0 = Debug|Any CPU
		{70EA781B-EC66-48A6-8E3B-36C75CB696B5}.Release|Any CPU.ActiveCfg = Release|Any CPU
		{70EA781B-EC66-48A6-8E3B-36C75CB696B5}.Release|Any CPU.Build.0 = Release|Any CPU
		{C28AD1BC-EBFC-420F-86BB-B31459360584}.Debug|Any CPU.ActiveCfg = Debug|Any CPU
		{C28AD1BC-EBFC-420F-86BB-B31459360584}.Debug|Any CPU.Build.0 = Debug|Any CPU
		{C28AD1BC-EBFC-420F-86BB-B31459360584}.Release|Any CPU.ActiveCfg = Release|Any CPU
		{C28AD1BC-EBFC-420F-86BB-B31459360584}.Release|Any CPU.Build.0 = Release|Any CPU
		{F1C041CB-5578-411B-8CB4-40310FC0D277}.Debug|Any CPU.ActiveCfg = Debug|Any CPU
		{F1C041CB-5578-411B-8CB4-40310FC0D277}.Debug|Any CPU.Build.0 = Debug|Any CPU
		{F1C041CB-5578-411B-8CB4-40310FC0D277}.Release|Any CPU.ActiveCfg = Release|Any CPU
		{F1C041CB-5578-411B-8CB4-40310FC0D277}.Release|Any CPU.Build.0 = Release|Any CPU
		{61E89617-2CF5-4432-B0BB-C6ED35585421}.Debug|Any CPU.ActiveCfg = Debug|Any CPU
		{61E89617-2CF5-4432-B0BB-C6ED35585421}.Debug|Any CPU.Build.0 = Debug|Any CPU
		{61E89617-2CF5-4432-B0BB-C6ED35585421}.Release|Any CPU.ActiveCfg = Release|Any CPU
		{61E89617-2CF5-4432-B0BB-C6ED35585421}.Release|Any CPU.Build.0 = Release|Any CPU
		{432FAD5C-C27F-4142-994B-2F07EE1E4D02}.Debug|Any CPU.ActiveCfg = Debug|Any CPU
		{432FAD5C-C27F-4142-994B-2F07EE1E4D02}.Debug|Any CPU.Build.0 = Debug|Any CPU
		{432FAD5C-C27F-4142-994B-2F07EE1E4D02}.Release|Any CPU.ActiveCfg = Release|Any CPU
		{432FAD5C-C27F-4142-994B-2F07EE1E4D02}.Release|Any CPU.Build.0 = Release|Any CPU
		{55FE8E50-03E6-4B65-984B-7CB339C0064F}.Debug|Any CPU.ActiveCfg = Debug|Any CPU
		{55FE8E50-03E6-4B65-984B-7CB339C0064F}.Debug|Any CPU.Build.0 = Debug|Any CPU
		{55FE8E50-03E6-4B65-984B-7CB339C0064F}.Release|Any CPU.ActiveCfg = Release|Any CPU
		{55FE8E50-03E6-4B65-984B-7CB339C0064F}.Release|Any CPU.Build.0 = Release|Any CPU
		{E528DF1A-9F8D-445C-85D0-1B6426E2E6D3}.Debug|Any CPU.ActiveCfg = Debug|Any CPU
		{E528DF1A-9F8D-445C-85D0-1B6426E2E6D3}.Debug|Any CPU.Build.0 = Debug|Any CPU
		{E528DF1A-9F8D-445C-85D0-1B6426E2E6D3}.Release|Any CPU.ActiveCfg = Release|Any CPU
		{E528DF1A-9F8D-445C-85D0-1B6426E2E6D3}.Release|Any CPU.Build.0 = Release|Any CPU
		{A6BE4370-5CFB-460A-B9A7-6AD7429742AA}.Debug|Any CPU.ActiveCfg = Debug|Any CPU
		{A6BE4370-5CFB-460A-B9A7-6AD7429742AA}.Debug|Any CPU.Build.0 = Debug|Any CPU
		{A6BE4370-5CFB-460A-B9A7-6AD7429742AA}.Release|Any CPU.ActiveCfg = Release|Any CPU
		{A6BE4370-5CFB-460A-B9A7-6AD7429742AA}.Release|Any CPU.Build.0 = Release|Any CPU
		{C54FCAF6-74FB-4965-81BF-37D81430B7B9}.Debug|Any CPU.ActiveCfg = Debug|Any CPU
		{C54FCAF6-74FB-4965-81BF-37D81430B7B9}.Debug|Any CPU.Build.0 = Debug|Any CPU
		{C54FCAF6-74FB-4965-81BF-37D81430B7B9}.Release|Any CPU.ActiveCfg = Release|Any CPU
		{C54FCAF6-74FB-4965-81BF-37D81430B7B9}.Release|Any CPU.Build.0 = Release|Any CPU
		{138DFE11-2AD0-4F09-B64E-43A395B68FB5}.Debug|Any CPU.ActiveCfg = Debug|Any CPU
		{138DFE11-2AD0-4F09-B64E-43A395B68FB5}.Debug|Any CPU.Build.0 = Debug|Any CPU
		{138DFE11-2AD0-4F09-B64E-43A395B68FB5}.Release|Any CPU.ActiveCfg = Release|Any CPU
		{138DFE11-2AD0-4F09-B64E-43A395B68FB5}.Release|Any CPU.Build.0 = Release|Any CPU
		{B5974939-81FA-4CE3-90D2-65FB3A71477F}.Debug|Any CPU.ActiveCfg = Debug|Any CPU
		{B5974939-81FA-4CE3-90D2-65FB3A71477F}.Debug|Any CPU.Build.0 = Debug|Any CPU
		{B5974939-81FA-4CE3-90D2-65FB3A71477F}.Release|Any CPU.ActiveCfg = Release|Any CPU
		{B5974939-81FA-4CE3-90D2-65FB3A71477F}.Release|Any CPU.Build.0 = Release|Any CPU
		{35702D5B-C616-4E8D-9B49-380082A555EE}.Debug|Any CPU.ActiveCfg = Debug|Any CPU
		{35702D5B-C616-4E8D-9B49-380082A555EE}.Debug|Any CPU.Build.0 = Debug|Any CPU
		{35702D5B-C616-4E8D-9B49-380082A555EE}.Release|Any CPU.ActiveCfg = Release|Any CPU
		{35702D5B-C616-4E8D-9B49-380082A555EE}.Release|Any CPU.Build.0 = Release|Any CPU
	EndGlobalSection
	GlobalSection(SolutionProperties) = preSolution
		HideSolutionNode = FALSE
	EndGlobalSection
	GlobalSection(NestedProjects) = preSolution
		{0C97CC01-FE85-409F-B4A5-B85304615033} = {CA49CB7F-C65B-4CEA-A53B-DD40D60C4C44}
		{6BA08DF2-143A-4500-8B97-1C2F31411EE7} = {CA49CB7F-C65B-4CEA-A53B-DD40D60C4C44}
		{73CBD48C-9492-4288-81CB-8F1582D8975C} = {94CD41D6-7BB7-4065-BDB5-EBC78679766D}
		{E0EF8BCF-0E54-458E-9C78-4300140D0D5E} = {73CBD48C-9492-4288-81CB-8F1582D8975C}
		{4976FFF2-62F7-4F08-A0A5-A91C1D8CFECD} = {94CD41D6-7BB7-4065-BDB5-EBC78679766D}
		{6548FA67-6708-4F05-AE33-290C72EA2B99} = {4976FFF2-62F7-4F08-A0A5-A91C1D8CFECD}
		{D18D2C8E-A3FA-4ED8-9328-A13360C2F842} = {4976FFF2-62F7-4F08-A0A5-A91C1D8CFECD}
		{70EA781B-EC66-48A6-8E3B-36C75CB696B5} = {4976FFF2-62F7-4F08-A0A5-A91C1D8CFECD}
		{C28AD1BC-EBFC-420F-86BB-B31459360584} = {4976FFF2-62F7-4F08-A0A5-A91C1D8CFECD}
		{2F1D7697-3DA5-411F-A06C-2F2AD9AA3A74} = {076BFEFC-D677-4CD4-9E40-00DB98DB085F}
		{F1C041CB-5578-411B-8CB4-40310FC0D277} = {2F1D7697-3DA5-411F-A06C-2F2AD9AA3A74}
		{260930A4-75B8-4FEC-A155-0108C7440022} = {076BFEFC-D677-4CD4-9E40-00DB98DB085F}
		{61E89617-2CF5-4432-B0BB-C6ED35585421} = {260930A4-75B8-4FEC-A155-0108C7440022}
		{432FAD5C-C27F-4142-994B-2F07EE1E4D02} = {260930A4-75B8-4FEC-A155-0108C7440022}
		{55FE8E50-03E6-4B65-984B-7CB339C0064F} = {260930A4-75B8-4FEC-A155-0108C7440022}
		{E528DF1A-9F8D-445C-85D0-1B6426E2E6D3} = {260930A4-75B8-4FEC-A155-0108C7440022}
		{93ED31D2-92DB-4AFE-B180-F10ED8313062} = {63C8C72E-83F6-424C-9894-0B0EDC45CC5F}
		{A6BE4370-5CFB-460A-B9A7-6AD7429742AA} = {93ED31D2-92DB-4AFE-B180-F10ED8313062}
		{8C6B22A4-AB26-4314-A082-0099396B282F} = {63C8C72E-83F6-424C-9894-0B0EDC45CC5F}
		{C54FCAF6-74FB-4965-81BF-37D81430B7B9} = {8C6B22A4-AB26-4314-A082-0099396B282F}
		{138DFE11-2AD0-4F09-B64E-43A395B68FB5} = {8C6B22A4-AB26-4314-A082-0099396B282F}
		{B5974939-81FA-4CE3-90D2-65FB3A71477F} = {8C6B22A4-AB26-4314-A082-0099396B282F}
		{35702D5B-C616-4E8D-9B49-380082A555EE} = {8C6B22A4-AB26-4314-A082-0099396B282F}
	EndGlobalSection
	GlobalSection(ExtensibilityGlobals) = postSolution
		SolutionGuid = {082CD966-B26B-46DB-992F-19913B483CE4}
	EndGlobalSection
EndGlobal
