
Microsoft Visual Studio Solution File, Format Version 12.00
# Visual Studio Version 17
VisualStudioVersion = 17.5.002.0
MinimumVisualStudioVersion = 10.0.40219.1
Project("{9A19103F-16F7-4668-BE54-9A1E7A4F7556}") = "ApiGateway", "ApiGateway\ApiGateway.csproj", "{C9E928FE-51F4-4BA4-B4EF-E79A1C54A106}"
EndProject
Project("{2150E333-8FDC-42A3-9474-1A3956D46DE8}") = "MerchantCommon", "MerchantCommon", "{572E180E-C344-4DE3-B29C-F490227DDC51}"
EndProject
Project("{9A19103F-16F7-4668-BE54-9A1E7A4F7556}") = "RabbitMqMessaging", "MerchantCommon\RabbitMqMessaging\RabbitMqMessaging.csproj", "{356D2C75-6287-4CA1-916B-04F803EFC30C}"
EndProject
Project("{2150E333-8FDC-42A3-9474-1A3956D46DE8}") = "InventoryService", "InventoryService", "{60E19A02-F3E8-48EC-B450-1DD48CBF6436}"
EndProject
Project("{2150E333-8FDC-42A3-9474-1A3956D46DE8}") = "test", "test", "{A4B16BD3-59AF-4792-92C3-ACFF23C413E4}"
EndProject
Project("{9A19103F-16F7-4668-BE54-9A1E7A4F7556}") = "InventoryServiceTests", "InventoryService\test\InventoryServiceTests\InventoryServiceTests.csproj", "{58967738-2F72-4DB8-8DF5-1C2B3A73E73F}"
EndProject
Project("{2150E333-8FDC-42A3-9474-1A3956D46DE8}") = "src", "src", "{9C3FA55C-F022-4BFF-AF82-F79CDE03268F}"
EndProject
Project("{9A19103F-16F7-4668-BE54-9A1E7A4F7556}") = "InventoryService.Intraestructure", "InventoryService\src\InventoryService.Intraestructure\InventoryService.Intraestructure.csproj", "{0ADBC4DC-C60A-4F90-B1FE-35D47A758775}"
EndProject
Project("{9A19103F-16F7-4668-BE54-9A1E7A4F7556}") = "InventoryService.Api", "InventoryService\src\InventoryService.Api\InventoryService.Api.csproj", "{E5C554C9-8367-4884-9601-EBF1698AA2BB}"
EndProject
Project("{9A19103F-16F7-4668-BE54-9A1E7A4F7556}") = "InventoryService.Domain", "InventoryService\src\InventoryService.Domain\InventoryService.Domain.csproj", "{37774B29-C47D-4E16-8B34-EF6AA38A8D96}"
EndProject
Project("{9A19103F-16F7-4668-BE54-9A1E7A4F7556}") = "InventoryService.Application", "InventoryService\src\InventoryService.Application\InventoryService.Application.csproj", "{68E994D5-E934-4D0F-AEFA-9223C1AE12A6}"
EndProject
Project("{2150E333-8FDC-42A3-9474-1A3956D46DE8}") = "NotificationService", "NotificationService", "{A0B0C71C-FFF3-4619-BF39-8BD893DB7DBF}"
EndProject
Project("{2150E333-8FDC-42A3-9474-1A3956D46DE8}") = "test", "test", "{6588BF8C-107A-4E44-B45A-089D52E47798}"
EndProject
Project("{9A19103F-16F7-4668-BE54-9A1E7A4F7556}") = "NotificationServiceTests", "NotificationService\test\NotificationServiceTests\NotificationServiceTests.csproj", "{A8093253-B5F8-4414-9148-E02CC3987F6D}"
EndProject
Project("{2150E333-8FDC-42A3-9474-1A3956D46DE8}") = "src", "src", "{28D9C2F9-2008-41C8-9D49-CC1B91284D54}"
EndProject
Project("{9A19103F-16F7-4668-BE54-9A1E7A4F7556}") = "NotificationService.Domain", "NotificationService\src\NotificationService.Domain\NotificationService.Domain.csproj", "{71830557-1C41-4910-B1AC-59713139A3EF}"
EndProject
Project("{9A19103F-16F7-4668-BE54-9A1E7A4F7556}") = "NotificationService.Api", "NotificationService\src\NotificationService.Api\NotificationService.Api.csproj", "{2245E8AB-FB3C-4C4E-801D-D214CA2D0BC7}"
EndProject
Project("{9A19103F-16F7-4668-BE54-9A1E7A4F7556}") = "NotificationService.Application", "NotificationService\src\NotificationService.Application\NotificationService.Application.csproj", "{A0AB0A52-3345-4FC3-9617-D8017BD6A645}"
EndProject
Project("{9A19103F-16F7-4668-BE54-9A1E7A4F7556}") = "NotificationService.Infraestructure", "NotificationService\src\NotificationService.Infraestructure\NotificationService.Infraestructure.csproj", "{5F05C1FD-500E-451B-B131-67020D40EEFA}"
EndProject
Project("{2150E333-8FDC-42A3-9474-1A3956D46DE8}") = "UserService", "UserService", "{13C520CF-EAEB-44A1-8002-9337B090FCA2}"
EndProject
Project("{2150E333-8FDC-42A3-9474-1A3956D46DE8}") = "test", "test", "{FF3E11EE-A45F-413B-BED8-19C085BE15DA}"
EndProject
Project("{9A19103F-16F7-4668-BE54-9A1E7A4F7556}") = "UserServiceTests", "UserService\test\UserServiceTests\UserServiceTests.csproj", "{48CE09A8-3B48-4D5D-9D74-635915FDEBDE}"
EndProject
Project("{2150E333-8FDC-42A3-9474-1A3956D46DE8}") = "src", "src", "{E978CF26-4265-428B-BD03-9350EDEBC4E8}"
EndProject
Project("{9A19103F-16F7-4668-BE54-9A1E7A4F7556}") = "UserService.Infrastructure", "UserService\src\UserService.Infrastructure\UserService.Infrastructure.csproj", "{CFE38AFD-C51D-4176-B8A3-F90EFDF17D05}"
EndProject
Project("{9A19103F-16F7-4668-BE54-9A1E7A4F7556}") = "UserService.Domain", "UserService\src\UserService.Domain\UserService.Domain.csproj", "{0ED55501-5D67-4D28-BB94-1EE83AC90E2D}"
EndProject
Project("{9A19103F-16F7-4668-BE54-9A1E7A4F7556}") = "UserService.Application", "UserService\src\UserService.Application\UserService.Application.csproj", "{36B7488D-33AD-408F-8D9C-9595B27B01EF}"
EndProject
Project("{9A19103F-16F7-4668-BE54-9A1E7A4F7556}") = "UserService.Api", "UserService\src\UserService.Api\UserService.Api.csproj", "{EBE2F67E-2493-41BA-95E1-2B358A64633E}"
EndProject
Global
	GlobalSection(SolutionConfigurationPlatforms) = preSolution
		Debug|Any CPU = Debug|Any CPU
		Release|Any CPU = Release|Any CPU
	EndGlobalSection
	GlobalSection(ProjectConfigurationPlatforms) = postSolution
		{C9E928FE-51F4-4BA4-B4EF-E79A1C54A106}.Debug|Any CPU.ActiveCfg = Debug|Any CPU
		{C9E928FE-51F4-4BA4-B4EF-E79A1C54A106}.Debug|Any CPU.Build.0 = Debug|Any CPU
		{C9E928FE-51F4-4BA4-B4EF-E79A1C54A106}.Release|Any CPU.ActiveCfg = Release|Any CPU
		{C9E928FE-51F4-4BA4-B4EF-E79A1C54A106}.Release|Any CPU.Build.0 = Release|Any CPU
		{356D2C75-6287-4CA1-916B-04F803EFC30C}.Debug|Any CPU.ActiveCfg = Debug|Any CPU
		{356D2C75-6287-4CA1-916B-04F803EFC30C}.Debug|Any CPU.Build.0 = Debug|Any CPU
		{356D2C75-6287-4CA1-916B-04F803EFC30C}.Release|Any CPU.ActiveCfg = Release|Any CPU
		{356D2C75-6287-4CA1-916B-04F803EFC30C}.Release|Any CPU.Build.0 = Release|Any CPU
		{58967738-2F72-4DB8-8DF5-1C2B3A73E73F}.Debug|Any CPU.ActiveCfg = Debug|Any CPU
		{58967738-2F72-4DB8-8DF5-1C2B3A73E73F}.Debug|Any CPU.Build.0 = Debug|Any CPU
		{58967738-2F72-4DB8-8DF5-1C2B3A73E73F}.Release|Any CPU.ActiveCfg = Release|Any CPU
		{58967738-2F72-4DB8-8DF5-1C2B3A73E73F}.Release|Any CPU.Build.0 = Release|Any CPU
		{0ADBC4DC-C60A-4F90-B1FE-35D47A758775}.Debug|Any CPU.ActiveCfg = Debug|Any CPU
		{0ADBC4DC-C60A-4F90-B1FE-35D47A758775}.Debug|Any CPU.Build.0 = Debug|Any CPU
		{0ADBC4DC-C60A-4F90-B1FE-35D47A758775}.Release|Any CPU.ActiveCfg = Release|Any CPU
		{0ADBC4DC-C60A-4F90-B1FE-35D47A758775}.Release|Any CPU.Build.0 = Release|Any CPU
		{E5C554C9-8367-4884-9601-EBF1698AA2BB}.Debug|Any CPU.ActiveCfg = Debug|Any CPU
		{E5C554C9-8367-4884-9601-EBF1698AA2BB}.Debug|Any CPU.Build.0 = Debug|Any CPU
		{E5C554C9-8367-4884-9601-EBF1698AA2BB}.Release|Any CPU.ActiveCfg = Release|Any CPU
		{E5C554C9-8367-4884-9601-EBF1698AA2BB}.Release|Any CPU.Build.0 = Release|Any CPU
		{37774B29-C47D-4E16-8B34-EF6AA38A8D96}.Debug|Any CPU.ActiveCfg = Debug|Any CPU
		{37774B29-C47D-4E16-8B34-EF6AA38A8D96}.Debug|Any CPU.Build.0 = Debug|Any CPU
		{37774B29-C47D-4E16-8B34-EF6AA38A8D96}.Release|Any CPU.ActiveCfg = Release|Any CPU
		{37774B29-C47D-4E16-8B34-EF6AA38A8D96}.Release|Any CPU.Build.0 = Release|Any CPU
		{68E994D5-E934-4D0F-AEFA-9223C1AE12A6}.Debug|Any CPU.ActiveCfg = Debug|Any CPU
		{68E994D5-E934-4D0F-AEFA-9223C1AE12A6}.Debug|Any CPU.Build.0 = Debug|Any CPU
		{68E994D5-E934-4D0F-AEFA-9223C1AE12A6}.Release|Any CPU.ActiveCfg = Release|Any CPU
		{68E994D5-E934-4D0F-AEFA-9223C1AE12A6}.Release|Any CPU.Build.0 = Release|Any CPU
		{A8093253-B5F8-4414-9148-E02CC3987F6D}.Debug|Any CPU.ActiveCfg = Debug|Any CPU
		{A8093253-B5F8-4414-9148-E02CC3987F6D}.Debug|Any CPU.Build.0 = Debug|Any CPU
		{A8093253-B5F8-4414-9148-E02CC3987F6D}.Release|Any CPU.ActiveCfg = Release|Any CPU
		{A8093253-B5F8-4414-9148-E02CC3987F6D}.Release|Any CPU.Build.0 = Release|Any CPU
		{71830557-1C41-4910-B1AC-59713139A3EF}.Debug|Any CPU.ActiveCfg = Debug|Any CPU
		{71830557-1C41-4910-B1AC-59713139A3EF}.Debug|Any CPU.Build.0 = Debug|Any CPU
		{71830557-1C41-4910-B1AC-59713139A3EF}.Release|Any CPU.ActiveCfg = Release|Any CPU
		{71830557-1C41-4910-B1AC-59713139A3EF}.Release|Any CPU.Build.0 = Release|Any CPU
		{2245E8AB-FB3C-4C4E-801D-D214CA2D0BC7}.Debug|Any CPU.ActiveCfg = Debug|Any CPU
		{2245E8AB-FB3C-4C4E-801D-D214CA2D0BC7}.Debug|Any CPU.Build.0 = Debug|Any CPU
		{2245E8AB-FB3C-4C4E-801D-D214CA2D0BC7}.Release|Any CPU.ActiveCfg = Release|Any CPU
		{2245E8AB-FB3C-4C4E-801D-D214CA2D0BC7}.Release|Any CPU.Build.0 = Release|Any CPU
		{A0AB0A52-3345-4FC3-9617-D8017BD6A645}.Debug|Any CPU.ActiveCfg = Debug|Any CPU
		{A0AB0A52-3345-4FC3-9617-D8017BD6A645}.Debug|Any CPU.Build.0 = Debug|Any CPU
		{A0AB0A52-3345-4FC3-9617-D8017BD6A645}.Release|Any CPU.ActiveCfg = Release|Any CPU
		{A0AB0A52-3345-4FC3-9617-D8017BD6A645}.Release|Any CPU.Build.0 = Release|Any CPU
		{5F05C1FD-500E-451B-B131-67020D40EEFA}.Debug|Any CPU.ActiveCfg = Debug|Any CPU
		{5F05C1FD-500E-451B-B131-67020D40EEFA}.Debug|Any CPU.Build.0 = Debug|Any CPU
		{5F05C1FD-500E-451B-B131-67020D40EEFA}.Release|Any CPU.ActiveCfg = Release|Any CPU
		{5F05C1FD-500E-451B-B131-67020D40EEFA}.Release|Any CPU.Build.0 = Release|Any CPU
		{48CE09A8-3B48-4D5D-9D74-635915FDEBDE}.Debug|Any CPU.ActiveCfg = Debug|Any CPU
		{48CE09A8-3B48-4D5D-9D74-635915FDEBDE}.Debug|Any CPU.Build.0 = Debug|Any CPU
		{48CE09A8-3B48-4D5D-9D74-635915FDEBDE}.Release|Any CPU.ActiveCfg = Release|Any CPU
		{48CE09A8-3B48-4D5D-9D74-635915FDEBDE}.Release|Any CPU.Build.0 = Release|Any CPU
		{CFE38AFD-C51D-4176-B8A3-F90EFDF17D05}.Debug|Any CPU.ActiveCfg = Debug|Any CPU
		{CFE38AFD-C51D-4176-B8A3-F90EFDF17D05}.Debug|Any CPU.Build.0 = Debug|Any CPU
		{CFE38AFD-C51D-4176-B8A3-F90EFDF17D05}.Release|Any CPU.ActiveCfg = Release|Any CPU
		{CFE38AFD-C51D-4176-B8A3-F90EFDF17D05}.Release|Any CPU.Build.0 = Release|Any CPU
		{0ED55501-5D67-4D28-BB94-1EE83AC90E2D}.Debug|Any CPU.ActiveCfg = Debug|Any CPU
		{0ED55501-5D67-4D28-BB94-1EE83AC90E2D}.Debug|Any CPU.Build.0 = Debug|Any CPU
		{0ED55501-5D67-4D28-BB94-1EE83AC90E2D}.Release|Any CPU.ActiveCfg = Release|Any CPU
		{0ED55501-5D67-4D28-BB94-1EE83AC90E2D}.Release|Any CPU.Build.0 = Release|Any CPU
		{36B7488D-33AD-408F-8D9C-9595B27B01EF}.Debug|Any CPU.ActiveCfg = Debug|Any CPU
		{36B7488D-33AD-408F-8D9C-9595B27B01EF}.Debug|Any CPU.Build.0 = Debug|Any CPU
		{36B7488D-33AD-408F-8D9C-9595B27B01EF}.Release|Any CPU.ActiveCfg = Release|Any CPU
		{36B7488D-33AD-408F-8D9C-9595B27B01EF}.Release|Any CPU.Build.0 = Release|Any CPU
		{EBE2F67E-2493-41BA-95E1-2B358A64633E}.Debug|Any CPU.ActiveCfg = Debug|Any CPU
		{EBE2F67E-2493-41BA-95E1-2B358A64633E}.Debug|Any CPU.Build.0 = Debug|Any CPU
		{EBE2F67E-2493-41BA-95E1-2B358A64633E}.Release|Any CPU.ActiveCfg = Release|Any CPU
		{EBE2F67E-2493-41BA-95E1-2B358A64633E}.Release|Any CPU.Build.0 = Release|Any CPU
	EndGlobalSection
	GlobalSection(SolutionProperties) = preSolution
		HideSolutionNode = FALSE
	EndGlobalSection
	GlobalSection(NestedProjects) = preSolution
		{356D2C75-6287-4CA1-916B-04F803EFC30C} = {572E180E-C344-4DE3-B29C-F490227DDC51}
		{A4B16BD3-59AF-4792-92C3-ACFF23C413E4} = {60E19A02-F3E8-48EC-B450-1DD48CBF6436}
		{58967738-2F72-4DB8-8DF5-1C2B3A73E73F} = {A4B16BD3-59AF-4792-92C3-ACFF23C413E4}
		{9C3FA55C-F022-4BFF-AF82-F79CDE03268F} = {60E19A02-F3E8-48EC-B450-1DD48CBF6436}
		{0ADBC4DC-C60A-4F90-B1FE-35D47A758775} = {9C3FA55C-F022-4BFF-AF82-F79CDE03268F}
		{E5C554C9-8367-4884-9601-EBF1698AA2BB} = {9C3FA55C-F022-4BFF-AF82-F79CDE03268F}
		{37774B29-C47D-4E16-8B34-EF6AA38A8D96} = {9C3FA55C-F022-4BFF-AF82-F79CDE03268F}
		{68E994D5-E934-4D0F-AEFA-9223C1AE12A6} = {9C3FA55C-F022-4BFF-AF82-F79CDE03268F}
		{6588BF8C-107A-4E44-B45A-089D52E47798} = {A0B0C71C-FFF3-4619-BF39-8BD893DB7DBF}
		{A8093253-B5F8-4414-9148-E02CC3987F6D} = {6588BF8C-107A-4E44-B45A-089D52E47798}
		{28D9C2F9-2008-41C8-9D49-CC1B91284D54} = {A0B0C71C-FFF3-4619-BF39-8BD893DB7DBF}
		{71830557-1C41-4910-B1AC-59713139A3EF} = {28D9C2F9-2008-41C8-9D49-CC1B91284D54}
		{2245E8AB-FB3C-4C4E-801D-D214CA2D0BC7} = {28D9C2F9-2008-41C8-9D49-CC1B91284D54}
		{A0AB0A52-3345-4FC3-9617-D8017BD6A645} = {28D9C2F9-2008-41C8-9D49-CC1B91284D54}
		{5F05C1FD-500E-451B-B131-67020D40EEFA} = {28D9C2F9-2008-41C8-9D49-CC1B91284D54}
		{FF3E11EE-A45F-413B-BED8-19C085BE15DA} = {13C520CF-EAEB-44A1-8002-9337B090FCA2}
		{48CE09A8-3B48-4D5D-9D74-635915FDEBDE} = {FF3E11EE-A45F-413B-BED8-19C085BE15DA}
		{E978CF26-4265-428B-BD03-9350EDEBC4E8} = {13C520CF-EAEB-44A1-8002-9337B090FCA2}
		{CFE38AFD-C51D-4176-B8A3-F90EFDF17D05} = {E978CF26-4265-428B-BD03-9350EDEBC4E8}
		{0ED55501-5D67-4D28-BB94-1EE83AC90E2D} = {E978CF26-4265-428B-BD03-9350EDEBC4E8}
		{36B7488D-33AD-408F-8D9C-9595B27B01EF} = {E978CF26-4265-428B-BD03-9350EDEBC4E8}
		{EBE2F67E-2493-41BA-95E1-2B358A64633E} = {E978CF26-4265-428B-BD03-9350EDEBC4E8}
	EndGlobalSection
	GlobalSection(ExtensibilityGlobals) = postSolution
		SolutionGuid = {64A56CE0-467C-46FE-ADAC-6CA85A75FD06}
	EndGlobalSection
EndGlobal
