
Microsoft Visual Studio Solution File, Format Version 12.00
# Visual Studio Version 17
VisualStudioVersion = 17.5.002.0
MinimumVisualStudioVersion = 10.0.40219.1
Project("{2150E333-8FDC-42A3-9474-1A3956D46DE8}") = "src", "src", "{F7425E85-10C6-40F4-866D-2156AA1E562F}"
EndProject
Project("{9A19103F-16F7-4668-BE54-9A1E7A4F7556}") = "NotificationService.Application", "src\NotificationService.Application\NotificationService.Application.csproj", "{BB147346-75CB-4DB2-B891-C38811024C03}"
EndProject
Project("{9A19103F-16F7-4668-BE54-9A1E7A4F7556}") = "NotificationService.Api", "src\NotificationService.Api\NotificationService.Api.csproj", "{6137120E-F978-45B3-932A-C8B52DF9A664}"
EndProject
Project("{9A19103F-16F7-4668-BE54-9A1E7A4F7556}") = "NotificationService.Infraestructure", "src\NotificationService.Infraestructure\NotificationService.Infraestructure.csproj", "{A190BECA-A134-4398-A4B3-E6B791F997C3}"
EndProject
Project("{9A19103F-16F7-4668-BE54-9A1E7A4F7556}") = "NotificationService.Domain", "src\NotificationService.Domain\NotificationService.Domain.csproj", "{701071E7-83F6-460C-A832-3E2A68A4A9E7}"
EndProject
Project("{2150E333-8FDC-42A3-9474-1A3956D46DE8}") = "test", "test", "{A0D27F0E-DF4D-4B5A-83F8-148D48AA2483}"
EndProject
Project("{9A19103F-16F7-4668-BE54-9A1E7A4F7556}") = "NotificationServiceTests", "test\NotificationServiceTests\NotificationServiceTests.csproj", "{6ED80D38-DFC2-46F2-B794-37D1321F2681}"
EndProject
Global
	GlobalSection(SolutionConfigurationPlatforms) = preSolution
		Debug|Any CPU = Debug|Any CPU
		Release|Any CPU = Release|Any CPU
	EndGlobalSection
	GlobalSection(ProjectConfigurationPlatforms) = postSolution
		{BB147346-75CB-4DB2-B891-C38811024C03}.Debug|Any CPU.ActiveCfg = Debug|Any CPU
		{BB147346-75CB-4DB2-B891-C38811024C03}.Debug|Any CPU.Build.0 = Debug|Any CPU
		{BB147346-75CB-4DB2-B891-C38811024C03}.Release|Any CPU.ActiveCfg = Release|Any CPU
		{BB147346-75CB-4DB2-B891-C38811024C03}.Release|Any CPU.Build.0 = Release|Any CPU
		{6137120E-F978-45B3-932A-C8B52DF9A664}.Debug|Any CPU.ActiveCfg = Debug|Any CPU
		{6137120E-F978-45B3-932A-C8B52DF9A664}.Debug|Any CPU.Build.0 = Debug|Any CPU
		{6137120E-F978-45B3-932A-C8B52DF9A664}.Release|Any CPU.ActiveCfg = Release|Any CPU
		{6137120E-F978-45B3-932A-C8B52DF9A664}.Release|Any CPU.Build.0 = Release|Any CPU
		{A190BECA-A134-4398-A4B3-E6B791F997C3}.Debug|Any CPU.ActiveCfg = Debug|Any CPU
		{A190BECA-A134-4398-A4B3-E6B791F997C3}.Debug|Any CPU.Build.0 = Debug|Any CPU
		{A190BECA-A134-4398-A4B3-E6B791F997C3}.Release|Any CPU.ActiveCfg = Release|Any CPU
		{A190BECA-A134-4398-A4B3-E6B791F997C3}.Release|Any CPU.Build.0 = Release|Any CPU
		{701071E7-83F6-460C-A832-3E2A68A4A9E7}.Debug|Any CPU.ActiveCfg = Debug|Any CPU
		{701071E7-83F6-460C-A832-3E2A68A4A9E7}.Debug|Any CPU.Build.0 = Debug|Any CPU
		{701071E7-83F6-460C-A832-3E2A68A4A9E7}.Release|Any CPU.ActiveCfg = Release|Any CPU
		{701071E7-83F6-460C-A832-3E2A68A4A9E7}.Release|Any CPU.Build.0 = Release|Any CPU
		{6ED80D38-DFC2-46F2-B794-37D1321F2681}.Debug|Any CPU.ActiveCfg = Debug|Any CPU
		{6ED80D38-DFC2-46F2-B794-37D1321F2681}.Debug|Any CPU.Build.0 = Debug|Any CPU
		{6ED80D38-DFC2-46F2-B794-37D1321F2681}.Release|Any CPU.ActiveCfg = Release|Any CPU
		{6ED80D38-DFC2-46F2-B794-37D1321F2681}.Release|Any CPU.Build.0 = Release|Any CPU
	EndGlobalSection
	GlobalSection(SolutionProperties) = preSolution
		HideSolutionNode = FALSE
	EndGlobalSection
	GlobalSection(NestedProjects) = preSolution
		{BB147346-75CB-4DB2-B891-C38811024C03} = {F7425E85-10C6-40F4-866D-2156AA1E562F}
		{6137120E-F978-45B3-932A-C8B52DF9A664} = {F7425E85-10C6-40F4-866D-2156AA1E562F}
		{A190BECA-A134-4398-A4B3-E6B791F997C3} = {F7425E85-10C6-40F4-866D-2156AA1E562F}
		{701071E7-83F6-460C-A832-3E2A68A4A9E7} = {F7425E85-10C6-40F4-866D-2156AA1E562F}
		{6ED80D38-DFC2-46F2-B794-37D1321F2681} = {A0D27F0E-DF4D-4B5A-83F8-148D48AA2483}
	EndGlobalSection
	GlobalSection(ExtensibilityGlobals) = postSolution
		SolutionGuid = {EDC925D5-E7DD-4BA4-BDD2-FB6F257D1263}
	EndGlobalSection
EndGlobal
