
Microsoft Visual Studio Solution File, Format Version 12.00
Project("{FAE04EC0-301F-11D3-BF4B-00C04F79EFBC}") = "ReviewService.Domain", "ReviewService.Domain\ReviewService.Domain.csproj", "{2046F6C4-AF4D-4441-96B1-79F90D1C862F}"
EndProject
Project("{FAE04EC0-301F-11D3-BF4B-00C04F79EFBC}") = "ReviewService.Api", "ReviewService.Api\ReviewService.Api.csproj", "{CF10A497-F9F1-4626-9962-091C2C6E4779}"
EndProject
Project("{FAE04EC0-301F-11D3-BF4B-00C04F79EFBC}") = "ReviewService.Application", "ReviewService.Application\ReviewService.Application.csproj", "{6AB05192-4910-46C4-BB2E-095079CA260E}"
EndProject
Project("{FAE04EC0-301F-11D3-BF4B-00C04F79EFBC}") = "ReviewService.Infrastructure", "ReviewService.Infrastructure\ReviewService.Infrastructure.csproj", "{2B99609F-BB80-4D09-A6E2-757A2EE88BE0}"
EndProject
Global
	GlobalSection(SolutionConfigurationPlatforms) = preSolution
		Debug|Any CPU = Debug|Any CPU
		Release|Any CPU = Release|Any CPU
	EndGlobalSection
	GlobalSection(ProjectConfigurationPlatforms) = postSolution
		{2046F6C4-AF4D-4441-96B1-79F90D1C862F}.Debug|Any CPU.ActiveCfg = Debug|Any CPU
		{2046F6C4-AF4D-4441-96B1-79F90D1C862F}.Debug|Any CPU.Build.0 = Debug|Any CPU
		{2046F6C4-AF4D-4441-96B1-79F90D1C862F}.Release|Any CPU.ActiveCfg = Release|Any CPU
		{2046F6C4-AF4D-4441-96B1-79F90D1C862F}.Release|Any CPU.Build.0 = Release|Any CPU
		{CF10A497-F9F1-4626-9962-091C2C6E4779}.Debug|Any CPU.ActiveCfg = Debug|Any CPU
		{CF10A497-F9F1-4626-9962-091C2C6E4779}.Debug|Any CPU.Build.0 = Debug|Any CPU
		{CF10A497-F9F1-4626-9962-091C2C6E4779}.Release|Any CPU.ActiveCfg = Release|Any CPU
		{CF10A497-F9F1-4626-9962-091C2C6E4779}.Release|Any CPU.Build.0 = Release|Any CPU
		{6AB05192-4910-46C4-BB2E-095079CA260E}.Debug|Any CPU.ActiveCfg = Debug|Any CPU
		{6AB05192-4910-46C4-BB2E-095079CA260E}.Debug|Any CPU.Build.0 = Debug|Any CPU
		{6AB05192-4910-46C4-BB2E-095079CA260E}.Release|Any CPU.ActiveCfg = Release|Any CPU
		{6AB05192-4910-46C4-BB2E-095079CA260E}.Release|Any CPU.Build.0 = Release|Any CPU
		{2B99609F-BB80-4D09-A6E2-757A2EE88BE0}.Debug|Any CPU.ActiveCfg = Debug|Any CPU
		{2B99609F-BB80-4D09-A6E2-757A2EE88BE0}.Debug|Any CPU.Build.0 = Debug|Any CPU
		{2B99609F-BB80-4D09-A6E2-757A2EE88BE0}.Release|Any CPU.ActiveCfg = Release|Any CPU
		{2B99609F-BB80-4D09-A6E2-757A2EE88BE0}.Release|Any CPU.Build.0 = Release|Any CPU
	EndGlobalSection
EndGlobal
