
Microsoft Visual Studio Solution File, Format Version 12.00
# Visual Studio Version 17
VisualStudioVersion = 17.5.002.0
MinimumVisualStudioVersion = 10.0.40219.1
Project("{9A19103F-16F7-4668-BE54-9A1E7A4F7556}") = "NotificationService.Infraestructure", "NotificationService.Infraestructure.csproj", "{25771805-2BB2-471C-8E46-D89CE4AC4B28}"
EndProject
Global
	GlobalSection(SolutionConfigurationPlatforms) = preSolution
		Debug|Any CPU = Debug|Any CPU
		Release|Any CPU = Release|Any CPU
	EndGlobalSection
	GlobalSection(ProjectConfigurationPlatforms) = postSolution
		{25771805-2BB2-471C-8E46-D89CE4AC4B28}.Debug|Any CPU.ActiveCfg = Debug|Any CPU
		{25771805-2BB2-471C-8E46-D89CE4AC4B28}.Debug|Any CPU.Build.0 = Debug|Any CPU
		{25771805-2BB2-471C-8E46-D89CE4AC4B28}.Release|Any CPU.ActiveCfg = Release|Any CPU
		{25771805-2BB2-471C-8E46-D89CE4AC4B28}.Release|Any CPU.Build.0 = Release|Any CPU
	EndGlobalSection
	GlobalSection(SolutionProperties) = preSolution
		HideSolutionNode = FALSE
	EndGlobalSection
	GlobalSection(ExtensibilityGlobals) = postSolution
		SolutionGuid = {9BA647C2-35E1-4FE1-B7C6-CA816223BA4E}
	EndGlobalSection
EndGlobal
